
Microsoft Visual Studio Solution File, Format Version 12.00
# Visual Studio 15
VisualStudioVersion = 15.0.26228.9
MinimumVisualStudioVersion = 10.0.40219.1
Project("{9A19103F-16F7-4668-BE54-9A1E7A4F7556}") = "Dotnet.Script.NuGetMetadataResolver", "Dotnet.Script.NuGetMetadataResolver\Dotnet.Script.NuGetMetadataResolver.csproj", "{9AC3AC4D-075B-4C0C-89AA-0F18AC868138}"
EndProject
Project("{9A19103F-16F7-4668-BE54-9A1E7A4F7556}") = "Dotnet.Script.NuGetMetadataResolver.Tests", "Dotnet.Script.NuGetMetadataResolver.Tests\Dotnet.Script.NuGetMetadataResolver.Tests.csproj", "{C12C068E-022F-4AAB-A56F-03101DE2FFBB}"
EndProject
Global
	GlobalSection(SolutionConfigurationPlatforms) = preSolution
		Debug|Any CPU = Debug|Any CPU
		Release|Any CPU = Release|Any CPU
	EndGlobalSection
	GlobalSection(ProjectConfigurationPlatforms) = postSolution
		{9AC3AC4D-075B-4C0C-89AA-0F18AC868138}.Debug|Any CPU.ActiveCfg = Debug|Any CPU
		{9AC3AC4D-075B-4C0C-89AA-0F18AC868138}.Debug|Any CPU.Build.0 = Debug|Any CPU
		{9AC3AC4D-075B-4C0C-89AA-0F18AC868138}.Release|Any CPU.ActiveCfg = Release|Any CPU
		{9AC3AC4D-075B-4C0C-89AA-0F18AC868138}.Release|Any CPU.Build.0 = Release|Any CPU
		{C12C068E-022F-4AAB-A56F-03101DE2FFBB}.Debug|Any CPU.ActiveCfg = Debug|Any CPU
		{C12C068E-022F-4AAB-A56F-03101DE2FFBB}.Debug|Any CPU.Build.0 = Debug|Any CPU
		{C12C068E-022F-4AAB-A56F-03101DE2FFBB}.Release|Any CPU.ActiveCfg = Release|Any CPU
		{C12C068E-022F-4AAB-A56F-03101DE2FFBB}.Release|Any CPU.Build.0 = Release|Any CPU
	EndGlobalSection
	GlobalSection(SolutionProperties) = preSolution
		HideSolutionNode = FALSE
	EndGlobalSection
EndGlobal
